
Microsoft Visual Studio Solution File, Format Version 12.00
# Visual Studio Version 17
VisualStudioVersion = 17.2.32505.173
MinimumVisualStudioVersion = 10.0.40219.1
Project("{8BC9CEB8-8B4A-11D0-8D11-00A0C91BC942}") = "网购", "网购\网购.vcxproj", "{DFA6027D-8E90-48CA-941F-685075016390}"
EndProject
Global
	GlobalSection(SolutionConfigurationPlatforms) = preSolution
		Debug|x64 = Debug|x64
		Debug|x86 = Debug|x86
		Release|x64 = Release|x64
		Release|x86 = Release|x86
	EndGlobalSection
	GlobalSection(ProjectConfigurationPlatforms) = postSolution
		{DFA6027D-8E90-48CA-941F-685075016390}.Debug|x64.ActiveCfg = Debug|x64
		{DFA6027D-8E90-48CA-941F-685075016390}.Debug|x64.Build.0 = Debug|x64
		{DFA6027D-8E90-48CA-941F-685075016390}.Debug|x86.ActiveCfg = Debug|Win32
		{DFA6027D-8E90-48CA-941F-685075016390}.Debug|x86.Build.0 = Debug|Win32
		{DFA6027D-8E90-48CA-941F-685075016390}.Release|x64.ActiveCfg = Release|x64
		{DFA6027D-8E90-48CA-941F-685075016390}.Release|x64.Build.0 = Release|x64
		{DFA6027D-8E90-48CA-941F-685075016390}.Release|x86.ActiveCfg = Release|Win32
		{DFA6027D-8E90-48CA-941F-685075016390}.Release|x86.Build.0 = Release|Win32
	EndGlobalSection
	GlobalSection(SolutionProperties) = preSolution
		HideSolutionNode = FALSE
	EndGlobalSection
	GlobalSection(ExtensibilityGlobals) = postSolution
		SolutionGuid = {95FCC253-DFE7-43E0-B9A9-AAA4B6BFD66F}
	EndGlobalSection
EndGlobal
