
Microsoft Visual Studio Solution File, Format Version 12.00
# Visual Studio Version 17
VisualStudioVersion = 17.2.32505.173
MinimumVisualStudioVersion = 10.0.40219.1
Project("{8BC9CEB8-8B4A-11D0-8D11-00A0C91BC942}") = "牛牛的计划", "牛牛的计划\牛牛的计划.vcxproj", "{E16F7C6C-D8A6-4766-B811-09F3D8D17120}"
EndProject
Global
	GlobalSection(SolutionConfigurationPlatforms) = preSolution
		Debug|x64 = Debug|x64
		Debug|x86 = Debug|x86
		Release|x64 = Release|x64
		Release|x86 = Release|x86
	EndGlobalSection
	GlobalSection(ProjectConfigurationPlatforms) = postSolution
		{E16F7C6C-D8A6-4766-B811-09F3D8D17120}.Debug|x64.ActiveCfg = Debug|x64
		{E16F7C6C-D8A6-4766-B811-09F3D8D17120}.Debug|x64.Build.0 = Debug|x64
		{E16F7C6C-D8A6-4766-B811-09F3D8D17120}.Debug|x86.ActiveCfg = Debug|Win32
		{E16F7C6C-D8A6-4766-B811-09F3D8D17120}.Debug|x86.Build.0 = Debug|Win32
		{E16F7C6C-D8A6-4766-B811-09F3D8D17120}.Release|x64.ActiveCfg = Release|x64
		{E16F7C6C-D8A6-4766-B811-09F3D8D17120}.Release|x64.Build.0 = Release|x64
		{E16F7C6C-D8A6-4766-B811-09F3D8D17120}.Release|x86.ActiveCfg = Release|Win32
		{E16F7C6C-D8A6-4766-B811-09F3D8D17120}.Release|x86.Build.0 = Release|Win32
	EndGlobalSection
	GlobalSection(SolutionProperties) = preSolution
		HideSolutionNode = FALSE
	EndGlobalSection
	GlobalSection(ExtensibilityGlobals) = postSolution
		SolutionGuid = {39973154-E569-4812-A78E-BAA5AA71F14A}
	EndGlobalSection
EndGlobal
