
Microsoft Visual Studio Solution File, Format Version 12.00
# Visual Studio Version 17
VisualStudioVersion = 17.3.32811.315
MinimumVisualStudioVersion = 10.0.40219.1
Project("{8BC9CEB8-8B4A-11D0-8D11-00A0C91BC942}") = "最高分和最低分之差", "最高分和最低分之差\最高分和最低分之差.vcxproj", "{F5E6D9A6-A087-4FCE-BBEF-C1597E82F843}"
EndProject
Global
	GlobalSection(SolutionConfigurationPlatforms) = preSolution
		Debug|x64 = Debug|x64
		Debug|x86 = Debug|x86
		Release|x64 = Release|x64
		Release|x86 = Release|x86
	EndGlobalSection
	GlobalSection(ProjectConfigurationPlatforms) = postSolution
		{F5E6D9A6-A087-4FCE-BBEF-C1597E82F843}.Debug|x64.ActiveCfg = Debug|x64
		{F5E6D9A6-A087-4FCE-BBEF-C1597E82F843}.Debug|x64.Build.0 = Debug|x64
		{F5E6D9A6-A087-4FCE-BBEF-C1597E82F843}.Debug|x86.ActiveCfg = Debug|Win32
		{F5E6D9A6-A087-4FCE-BBEF-C1597E82F843}.Debug|x86.Build.0 = Debug|Win32
		{F5E6D9A6-A087-4FCE-BBEF-C1597E82F843}.Release|x64.ActiveCfg = Release|x64
		{F5E6D9A6-A087-4FCE-BBEF-C1597E82F843}.Release|x64.Build.0 = Release|x64
		{F5E6D9A6-A087-4FCE-BBEF-C1597E82F843}.Release|x86.ActiveCfg = Release|Win32
		{F5E6D9A6-A087-4FCE-BBEF-C1597E82F843}.Release|x86.Build.0 = Release|Win32
	EndGlobalSection
	GlobalSection(SolutionProperties) = preSolution
		HideSolutionNode = FALSE
	EndGlobalSection
	GlobalSection(ExtensibilityGlobals) = postSolution
		SolutionGuid = {337D486D-04BB-41EF-AB4A-0DDF6D490DE6}
	EndGlobalSection
EndGlobal
