
Microsoft Visual Studio Solution File, Format Version 12.00
# Visual Studio Version 17
VisualStudioVersion = 17.2.32505.173
MinimumVisualStudioVersion = 10.0.40219.1
Project("{8BC9CEB8-8B4A-11D0-8D11-00A0C91BC942}") = "数位之和", "数位之和\数位之和.vcxproj", "{1610D86D-2003-4610-8FDC-9A894A406176}"
EndProject
Global
	GlobalSection(SolutionConfigurationPlatforms) = preSolution
		Debug|x64 = Debug|x64
		Debug|x86 = Debug|x86
		Release|x64 = Release|x64
		Release|x86 = Release|x86
	EndGlobalSection
	GlobalSection(ProjectConfigurationPlatforms) = postSolution
		{1610D86D-2003-4610-8FDC-9A894A406176}.Debug|x64.ActiveCfg = Debug|x64
		{1610D86D-2003-4610-8FDC-9A894A406176}.Debug|x64.Build.0 = Debug|x64
		{1610D86D-2003-4610-8FDC-9A894A406176}.Debug|x86.ActiveCfg = Debug|Win32
		{1610D86D-2003-4610-8FDC-9A894A406176}.Debug|x86.Build.0 = Debug|Win32
		{1610D86D-2003-4610-8FDC-9A894A406176}.Release|x64.ActiveCfg = Release|x64
		{1610D86D-2003-4610-8FDC-9A894A406176}.Release|x64.Build.0 = Release|x64
		{1610D86D-2003-4610-8FDC-9A894A406176}.Release|x86.ActiveCfg = Release|Win32
		{1610D86D-2003-4610-8FDC-9A894A406176}.Release|x86.Build.0 = Release|Win32
	EndGlobalSection
	GlobalSection(SolutionProperties) = preSolution
		HideSolutionNode = FALSE
	EndGlobalSection
	GlobalSection(ExtensibilityGlobals) = postSolution
		SolutionGuid = {2051150A-41BD-4456-94DF-211FC6FF878E}
	EndGlobalSection
EndGlobal
